
Microsoft Visual Studio Solution File, Format Version 12.00
# Visual Studio Version 16
VisualStudioVersion = 16.0.30611.23
MinimumVisualStudioVersion = 10.0.40219.1
Project("{9A19103F-16F7-4668-BE54-9A1E7A4F7556}") = "SonicWarehouseManagement.Server", "Server\SonicWarehouseManagement.Server.csproj", "{F47EF83C-3833-46A1-9776-74138D6A44DC}"
EndProject
Project("{9A19103F-16F7-4668-BE54-9A1E7A4F7556}") = "SonicWarehouseManagement.Client", "Client\SonicWarehouseManagement.Client.csproj", "{B9D68C24-7FF7-496E-946A-B0C0AC13FD79}"
EndProject
Project("{9A19103F-16F7-4668-BE54-9A1E7A4F7556}") = "SonicWarehouseManagement.Shared", "Shared\SonicWarehouseManagement.Shared.csproj", "{377383F1-D3A9-4F75-9EED-D58FD9155FDD}"
EndProject
Global
	GlobalSection(SolutionConfigurationPlatforms) = preSolution
		Debug|Any CPU = Debug|Any CPU
		Release|Any CPU = Release|Any CPU
	EndGlobalSection
	GlobalSection(ProjectConfigurationPlatforms) = postSolution
		{F47EF83C-3833-46A1-9776-74138D6A44DC}.Debug|Any CPU.ActiveCfg = Debug|Any CPU
		{F47EF83C-3833-46A1-9776-74138D6A44DC}.Debug|Any CPU.Build.0 = Debug|Any CPU
		{F47EF83C-3833-46A1-9776-74138D6A44DC}.Release|Any CPU.ActiveCfg = Release|Any CPU
		{F47EF83C-3833-46A1-9776-74138D6A44DC}.Release|Any CPU.Build.0 = Release|Any CPU
		{B9D68C24-7FF7-496E-946A-B0C0AC13FD79}.Debug|Any CPU.ActiveCfg = Debug|Any CPU
		{B9D68C24-7FF7-496E-946A-B0C0AC13FD79}.Debug|Any CPU.Build.0 = Debug|Any CPU
		{B9D68C24-7FF7-496E-946A-B0C0AC13FD79}.Release|Any CPU.ActiveCfg = Release|Any CPU
		{B9D68C24-7FF7-496E-946A-B0C0AC13FD79}.Release|Any CPU.Build.0 = Release|Any CPU
		{377383F1-D3A9-4F75-9EED-D58FD9155FDD}.Debug|Any CPU.ActiveCfg = Debug|Any CPU
		{377383F1-D3A9-4F75-9EED-D58FD9155FDD}.Debug|Any CPU.Build.0 = Debug|Any CPU
		{377383F1-D3A9-4F75-9EED-D58FD9155FDD}.Release|Any CPU.ActiveCfg = Release|Any CPU
		{377383F1-D3A9-4F75-9EED-D58FD9155FDD}.Release|Any CPU.Build.0 = Release|Any CPU
	EndGlobalSection
	GlobalSection(SolutionProperties) = preSolution
		HideSolutionNode = FALSE
	EndGlobalSection
	GlobalSection(ExtensibilityGlobals) = postSolution
		SolutionGuid = {E9DBB6F6-8909-4D90-AB97-4BEC77111E81}
	EndGlobalSection
EndGlobal
